# This file is automatically @generated by Cargo.
# It is not intended for manual editing.
version = 4

[[package]]
name = "sectorsync-bench"
version = "0.1.0"
dependencies = [
 "sectorsync-core",
]

[[package]]
name = "sectorsync-core"
version = "0.1.0"

[[package]]
name = "sectorsync-runtime"
version = "0.1.0"
dependencies = [
 "sectorsync-core",
 "sectorsync-transport",
]

[[package]]
name = "sectorsync-transport"
version = "0.1.0"
dependencies = [
 "sectorsync-core",
 "sectorsync-wire",
]

[[package]]
name = "sectorsync-wire"
version = "0.1.0"
dependencies = [
 "sectorsync-core",
]
